
Microsoft Visual Studio Solution File, Format Version 12.00
# Visual Studio 15
VisualStudioVersion = 15.0.28307.489
MinimumVisualStudioVersion = 10.0.40219.1
Project("{FAE04EC0-301F-11D3-BF4B-00C04F79EFBC}") = "BlogManager", "BlogManager\BlogManager.csproj", "{2A42FAFD-38CD-4E45-B6D7-D809D2FAB7F7}"
EndProject
Global
	GlobalSection(SolutionConfigurationPlatforms) = preSolution
		Debug|Any CPU = Debug|Any CPU
		Release|Any CPU = Release|Any CPU
	EndGlobalSection
	GlobalSection(ProjectConfigurationPlatforms) = postSolution
		{2A42FAFD-38CD-4E45-B6D7-D809D2FAB7F7}.Debug|Any CPU.ActiveCfg = Debug|Any CPU
		{2A42FAFD-38CD-4E45-B6D7-D809D2FAB7F7}.Debug|Any CPU.Build.0 = Debug|Any CPU
		{2A42FAFD-38CD-4E45-B6D7-D809D2FAB7F7}.Release|Any CPU.ActiveCfg = Release|Any CPU
		{2A42FAFD-38CD-4E45-B6D7-D809D2FAB7F7}.Release|Any CPU.Build.0 = Release|Any CPU
	EndGlobalSection
	GlobalSection(SolutionProperties) = preSolution
		HideSolutionNode = FALSE
	EndGlobalSection
	GlobalSection(ExtensibilityGlobals) = postSolution
		SolutionGuid = {E230ED9E-E3DC-410B-81F8-349423C41AF3}
	EndGlobalSection
EndGlobal
